// !$*UTF8*$!
{
	archiveVersion = 1;
	classes = {
	};
	objectVersion = 50;
	objects = {

/* Begin PBXBuildFile section */
		C45A155425946AB60047C7E0 /* libpomelo2.a in Frameworks */ = {isa = PBXBuildFile; fileRef = C45A155125946AB50047C7E0 /* libpomelo2.a */; };
		C45A155525946AB60047C7E0 /* libuv.a in Frameworks */ = {isa = PBXBuildFile; fileRef = C45A155225946AB50047C7E0 /* libuv.a */; };
		C45A155625946AB60047C7E0 /* libopenssl.a in Frameworks */ = {isa = PBXBuildFile; fileRef = C45A155325946AB60047C7E0 /* libopenssl.a */; };
		C45C64682580695000ECFF50 /* PomeloHelper.m in Sources */ = {isa = PBXBuildFile; fileRef = C45C64672580695000ECFF50 /* PomeloHelper.m */; };
		C4971AE2257C98C800F5066D /* AppDelegate.m in Sources */ = {isa = PBXBuildFile; fileRef = C4971AE1257C98C800F5066D /* AppDelegate.m */; };
		C4971AE5257C98C800F5066D /* SceneDelegate.m in Sources */ = {isa = PBXBuildFile; fileRef = C4971AE4257C98C800F5066D /* SceneDelegate.m */; };
		C4971AE8257C98C800F5066D /* ViewController.m in Sources */ = {isa = PBXBuildFile; fileRef = C4971AE7257C98C800F5066D /* ViewController.m */; };
		C4971AEB257C98C800F5066D /* Main.storyboard in Resources */ = {isa = PBXBuildFile; fileRef = C4971AE9257C98C800F5066D /* Main.storyboard */; };
		C4971AED257C98CC00F5066D /* Assets.xcassets in Resources */ = {isa = PBXBuildFile; fileRef = C4971AEC257C98CC00F5066D /* Assets.xcassets */; };
		C4971AF0257C98CC00F5066D /* LaunchScreen.storyboard in Resources */ = {isa = PBXBuildFile; fileRef = C4971AEE257C98CC00F5066D /* LaunchScreen.storyboard */; };
		C4971AF3257C98CC00F5066D /* main.m in Sources */ = {isa = PBXBuildFile; fileRef = C4971AF2257C98CC00F5066D /* main.m */; };
/* End PBXBuildFile section */

/* Begin PBXFileReference section */
		C45A155125946AB50047C7E0 /* libpomelo2.a */ = {isa = PBXFileReference; lastKnownFileType = archive.ar; path = libpomelo2.a; sourceTree = "<group>"; };
		C45A155225946AB50047C7E0 /* libuv.a */ = {isa = PBXFileReference; lastKnownFileType = archive.ar; path = libuv.a; sourceTree = "<group>"; };
		C45A155325946AB60047C7E0 /* libopenssl.a */ = {isa = PBXFileReference; lastKnownFileType = archive.ar; path = libopenssl.a; sourceTree = "<group>"; };
		C45C64662580695000ECFF50 /* PomeloHelper.h */ = {isa = PBXFileReference; lastKnownFileType = sourcecode.c.h; path = PomeloHelper.h; sourceTree = "<group>"; };
		C45C64672580695000ECFF50 /* PomeloHelper.m */ = {isa = PBXFileReference; lastKnownFileType = sourcecode.c.objc; path = PomeloHelper.m; sourceTree = "<group>"; };
		C465BC81257F10AB0076AD18 /* pomelo_trans.h */ = {isa = PBXFileReference; fileEncoding = 4; lastKnownFileType = sourcecode.c.h; path = pomelo_trans.h; sourceTree = "<group>"; };
		C465BC82257F10AB0076AD18 /* uv-unix.h */ = {isa = PBXFileReference; fileEncoding = 4; lastKnownFileType = sourcecode.c.h; path = "uv-unix.h"; sourceTree = "<group>"; };
		C465BC83257F10AB0076AD18 /* uv-threadpool.h */ = {isa = PBXFileReference; fileEncoding = 4; lastKnownFileType = sourcecode.c.h; path = "uv-threadpool.h"; sourceTree = "<group>"; };
		C465BC84257F10AB0076AD18 /* pthread-fixes.h */ = {isa = PBXFileReference; fileEncoding = 4; lastKnownFileType = sourcecode.c.h; path = "pthread-fixes.h"; sourceTree = "<group>"; };
		C465BC85257F10AB0076AD18 /* uv.h */ = {isa = PBXFileReference; fileEncoding = 4; lastKnownFileType = sourcecode.c.h; path = uv.h; sourceTree = "<group>"; };
		C465BC86257F10AB0076AD18 /* uv-win.h */ = {isa = PBXFileReference; fileEncoding = 4; lastKnownFileType = sourcecode.c.h; path = "uv-win.h"; sourceTree = "<group>"; };
		C465BC87257F10AB0076AD18 /* uv-aix.h */ = {isa = PBXFileReference; fileEncoding = 4; lastKnownFileType = sourcecode.c.h; path = "uv-aix.h"; sourceTree = "<group>"; };
		C465BC88257F10AB0076AD18 /* uv-errno.h */ = {isa = PBXFileReference; fileEncoding = 4; lastKnownFileType = sourcecode.c.h; path = "uv-errno.h"; sourceTree = "<group>"; };
		C465BC89257F10AB0076AD18 /* tree.h */ = {isa = PBXFileReference; fileEncoding = 4; lastKnownFileType = sourcecode.c.h; path = tree.h; sourceTree = "<group>"; };
		C465BC8A257F10AB0076AD18 /* uv-sunos.h */ = {isa = PBXFileReference; fileEncoding = 4; lastKnownFileType = sourcecode.c.h; path = "uv-sunos.h"; sourceTree = "<group>"; };
		C465BC8B257F10AB0076AD18 /* android-ifaddrs.h */ = {isa = PBXFileReference; fileEncoding = 4; lastKnownFileType = sourcecode.c.h; path = "android-ifaddrs.h"; sourceTree = "<group>"; };
		C465BC8C257F10AB0076AD18 /* uv-version.h */ = {isa = PBXFileReference; fileEncoding = 4; lastKnownFileType = sourcecode.c.h; path = "uv-version.h"; sourceTree = "<group>"; };
		C465BC8D257F10AB0076AD18 /* uv-darwin.h */ = {isa = PBXFileReference; fileEncoding = 4; lastKnownFileType = sourcecode.c.h; path = "uv-darwin.h"; sourceTree = "<group>"; };
		C465BC8E257F10AB0076AD18 /* uv-bsd.h */ = {isa = PBXFileReference; fileEncoding = 4; lastKnownFileType = sourcecode.c.h; path = "uv-bsd.h"; sourceTree = "<group>"; };
		C465BC8F257F10AB0076AD18 /* pomelo.h */ = {isa = PBXFileReference; fileEncoding = 4; lastKnownFileType = sourcecode.c.h; path = pomelo.h; sourceTree = "<group>"; };
		C465BC90257F10AB0076AD18 /* stdint-msvc2008.h */ = {isa = PBXFileReference; fileEncoding = 4; lastKnownFileType = sourcecode.c.h; path = "stdint-msvc2008.h"; sourceTree = "<group>"; };
		C465BC91257F10AB0076AD18 /* uv-linux.h */ = {isa = PBXFileReference; fileEncoding = 4; lastKnownFileType = sourcecode.c.h; path = "uv-linux.h"; sourceTree = "<group>"; };
		C465C5C2257F488B0076AD18 /* pem2.h */ = {isa = PBXFileReference; fileEncoding = 4; lastKnownFileType = sourcecode.c.h; path = pem2.h; sourceTree = "<group>"; };
		C465C5C3257F488B0076AD18 /* kdf.h */ = {isa = PBXFileReference; fileEncoding = 4; lastKnownFileType = sourcecode.c.h; path = kdf.h; sourceTree = "<group>"; };
		C465C5C4257F488B0076AD18 /* pem.h */ = {isa = PBXFileReference; fileEncoding = 4; lastKnownFileType = sourcecode.c.h; path = pem.h; sourceTree = "<group>"; };
		C465C5C5257F488B0076AD18 /* asyncerr.h */ = {isa = PBXFileReference; fileEncoding = 4; lastKnownFileType = sourcecode.c.h; path = asyncerr.h; sourceTree = "<group>"; };
		C465C5C6257F488B0076AD18 /* md2.h */ = {isa = PBXFileReference; fileEncoding = 4; lastKnownFileType = sourcecode.c.h; path = md2.h; sourceTree = "<group>"; };
		C465C5C7257F488B0076AD18 /* ssl3.h */ = {isa = PBXFileReference; fileEncoding = 4; lastKnownFileType = sourcecode.c.h; path = ssl3.h; sourceTree = "<group>"; };
		C465C5C8257F488B0076AD18 /* ossl_typ.h */ = {isa = PBXFileReference; fileEncoding = 4; lastKnownFileType = sourcecode.c.h; path = ossl_typ.h; sourceTree = "<group>"; };
		C465C5C9257F488B0076AD18 /* dtls1.h */ = {isa = PBXFileReference; fileEncoding = 4; lastKnownFileType = sourcecode.c.h; path = dtls1.h; sourceTree = "<group>"; };
		C465C5CA257F488B0076AD18 /* err.h */ = {isa = PBXFileReference; fileEncoding = 4; lastKnownFileType = sourcecode.c.h; path = err.h; sourceTree = "<group>"; };
		C465C5CB257F488B0076AD18 /* bn.h */ = {isa = PBXFileReference; fileEncoding = 4; lastKnownFileType = sourcecode.c.h; path = bn.h; sourceTree = "<group>"; };
		C465C5CC257F488B0076AD18 /* blowfish.h */ = {isa = PBXFileReference; fileEncoding = 4; lastKnownFileType = sourcecode.c.h; path = blowfish.h; sourceTree = "<group>"; };
		C465C5CD257F488B0076AD18 /* cms.h */ = {isa = PBXFileReference; fileEncoding = 4; lastKnownFileType = sourcecode.c.h; path = cms.h; sourceTree = "<group>"; };
		C465C5CE257F488B0076AD18 /* engine.h */ = {isa = PBXFileReference; fileEncoding = 4; lastKnownFileType = sourcecode.c.h; path = engine.h; sourceTree = "<group>"; };
		C465C5CF257F488B0076AD18 /* conf_api.h */ = {isa = PBXFileReference; fileEncoding = 4; lastKnownFileType = sourcecode.c.h; path = conf_api.h; sourceTree = "<group>"; };
		C465C5D0257F488B0076AD18 /* x509.h */ = {isa = PBXFileReference; fileEncoding = 4; lastKnownFileType = sourcecode.c.h; path = x509.h; sourceTree = "<group>"; };
		C465C5D1257F488B0076AD18 /* asn1_mac.h */ = {isa = PBXFileReference; fileEncoding = 4; lastKnownFileType = sourcecode.c.h; path = asn1_mac.h; sourceTree = "<group>"; };
		C465C5D2257F488B0076AD18 /* objectserr.h */ = {isa = PBXFileReference; fileEncoding = 4; lastKnownFileType = sourcecode.c.h; path = objectserr.h; sourceTree = "<group>"; };
		C465C5D3257F488B0076AD18 /* opensslconf_ios_x86_64.h */ = {isa = PBXFileReference; fileEncoding = 4; lastKnownFileType = sourcecode.c.h; path = opensslconf_ios_x86_64.h; sourceTree = "<group>"; };
		C465C5D4257F488B0076AD18 /* cmserr.h */ = {isa = PBXFileReference; fileEncoding = 4; lastKnownFileType = sourcecode.c.h; path = cmserr.h; sourceTree = "<group>"; };
		C465C5D5257F488B0076AD18 /* ui.h */ = {isa = PBXFileReference; fileEncoding = 4; lastKnownFileType = sourcecode.c.h; path = ui.h; sourceTree = "<group>"; };
		C465C5D6257F488B0076AD18 /* opensslconf_tvos_x86_64.h */ = {isa = PBXFileReference; fileEncoding = 4; lastKnownFileType = sourcecode.c.h; path = opensslconf_tvos_x86_64.h; sourceTree = "<group>"; };
		C465C5D7257F488B0076AD18 /* sha.h */ = {isa = PBXFileReference; fileEncoding = 4; lastKnownFileType = sourcecode.c.h; path = sha.h; sourceTree = "<group>"; };
		C465C5D8257F488B0076AD18 /* symhacks.h */ = {isa = PBXFileReference; fileEncoding = 4; lastKnownFileType = sourcecode.c.h; path = symhacks.h; sourceTree = "<group>"; };
		C465C5D9257F488B0076AD18 /* asn1.h */ = {isa = PBXFileReference; fileEncoding = 4; lastKnownFileType = sourcecode.c.h; path = asn1.h; sourceTree = "<group>"; };
		C465C5DA257F488B0076AD18 /* bioerr.h */ = {isa = PBXFileReference; fileEncoding = 4; lastKnownFileType = sourcecode.c.h; path = bioerr.h; sourceTree = "<group>"; };
		C465C5DB257F488B0076AD18 /* opensslconf.h */ = {isa = PBXFileReference; fileEncoding = 4; lastKnownFileType = sourcecode.c.h; path = opensslconf.h; sourceTree = "<group>"; };
		C465C5DC257F488B0076AD18 /* bio.h */ = {isa = PBXFileReference; fileEncoding = 4; lastKnownFileType = sourcecode.c.h; path = bio.h; sourceTree = "<group>"; };
		C465C5DD257F488B0076AD18 /* rc2.h */ = {isa = PBXFileReference; fileEncoding = 4; lastKnownFileType = sourcecode.c.h; path = rc2.h; sourceTree = "<group>"; };
		C465C5DE257F488B0076AD18 /* dh.h */ = {isa = PBXFileReference; fileEncoding = 4; lastKnownFileType = sourcecode.c.h; path = dh.h; sourceTree = "<group>"; };
		C465C5DF257F488B0076AD18 /* x509v3.h */ = {isa = PBXFileReference; fileEncoding = 4; lastKnownFileType = sourcecode.c.h; path = x509v3.h; sourceTree = "<group>"; };
		C465C5E0257F488B0076AD18 /* conf.h */ = {isa = PBXFileReference; fileEncoding = 4; lastKnownFileType = sourcecode.c.h; path = conf.h; sourceTree = "<group>"; };
		C465C5E1257F488B0076AD18 /* rand_drbg.h */ = {isa = PBXFileReference; fileEncoding = 4; lastKnownFileType = sourcecode.c.h; path = rand_drbg.h; sourceTree = "<group>"; };
		C465C5E2257F488B0076AD18 /* md5.h */ = {isa = PBXFileReference; fileEncoding = 4; lastKnownFileType = sourcecode.c.h; path = md5.h; sourceTree = "<group>"; };
		C465C5E3257F488B0076AD18 /* pemerr.h */ = {isa = PBXFileReference; fileEncoding = 4; lastKnownFileType = sourcecode.c.h; path = pemerr.h; sourceTree = "<group>"; };
		C465C5E4257F488B0076AD18 /* x509_vfy.h */ = {isa = PBXFileReference; fileEncoding = 4; lastKnownFileType = sourcecode.c.h; path = x509_vfy.h; sourceTree = "<group>"; };
		C465C5E5257F488B0076AD18 /* txt_db.h */ = {isa = PBXFileReference; fileEncoding = 4; lastKnownFileType = sourcecode.c.h; path = txt_db.h; sourceTree = "<group>"; };
		C465C5E6257F488B0076AD18 /* comperr.h */ = {isa = PBXFileReference; fileEncoding = 4; lastKnownFileType = sourcecode.c.h; path = comperr.h; sourceTree = "<group>"; };
		C465C5E7257F488B0076AD18 /* cterr.h */ = {isa = PBXFileReference; fileEncoding = 4; lastKnownFileType = sourcecode.c.h; path = cterr.h; sourceTree = "<group>"; };
		C465C5E8257F488B0076AD18 /* safestack.h */ = {isa = PBXFileReference; fileEncoding = 4; lastKnownFileType = sourcecode.c.h; path = safestack.h; sourceTree = "<group>"; };
		C465C5E9257F488B0076AD18 /* ecdsa.h */ = {isa = PBXFileReference; fileEncoding = 4; lastKnownFileType = sourcecode.c.h; path = ecdsa.h; sourceTree = "<group>"; };
		C465C5EA257F488B0076AD18 /* sslerr.h */ = {isa = PBXFileReference; fileEncoding = 4; lastKnownFileType = sourcecode.c.h; path = sslerr.h; sourceTree = "<group>"; };
		C465C5EB257F488B0076AD18 /* rc5.h */ = {isa = PBXFileReference; fileEncoding = 4; lastKnownFileType = sourcecode.c.h; path = rc5.h; sourceTree = "<group>"; };
		C465C5EC257F488B0076AD18 /* uierr.h */ = {isa = PBXFileReference; fileEncoding = 4; lastKnownFileType = sourcecode.c.h; path = uierr.h; sourceTree = "<group>"; };
		C465C5ED257F488B0076AD18 /* x509v3err.h */ = {isa = PBXFileReference; fileEncoding = 4; lastKnownFileType = sourcecode.c.h; path = x509v3err.h; sourceTree = "<group>"; };
		C465C5EE257F488B0076AD18 /* objects.h */ = {isa = PBXFileReference; fileEncoding = 4; lastKnownFileType = sourcecode.c.h; path = objects.h; sourceTree = "<group>"; };
		C465C5EF257F488B0076AD18 /* pkcs12.h */ = {isa = PBXFileReference; fileEncoding = 4; lastKnownFileType = sourcecode.c.h; path = pkcs12.h; sourceTree = "<group>"; };
		C465C5F0257F488B0076AD18 /* crypto.h */ = {isa = PBXFileReference; fileEncoding = 4; lastKnownFileType = sourcecode.c.h; path = crypto.h; sourceTree = "<group>"; };
		C465C5F1257F488B0076AD18 /* opensslv.h */ = {isa = PBXFileReference; fileEncoding = 4; lastKnownFileType = sourcecode.c.h; path = opensslv.h; sourceTree = "<group>"; };
		C465C5F2257F488B0076AD18 /* evperr.h */ = {isa = PBXFileReference; fileEncoding = 4; lastKnownFileType = sourcecode.c.h; path = evperr.h; sourceTree = "<group>"; };
		C465C5F3257F488B0076AD18 /* pkcs7.h */ = {isa = PBXFileReference; fileEncoding = 4; lastKnownFileType = sourcecode.c.h; path = pkcs7.h; sourceTree = "<group>"; };
		C465C5F4257F488B0076AD18 /* obj_mac.h */ = {isa = PBXFileReference; fileEncoding = 4; lastKnownFileType = sourcecode.c.h; path = obj_mac.h; sourceTree = "<group>"; };
		C465C5F5257F488B0076AD18 /* ct.h */ = {isa = PBXFileReference; fileEncoding = 4; lastKnownFileType = sourcecode.c.h; path = ct.h; sourceTree = "<group>"; };
		C465C5F6257F488B0076AD18 /* async.h */ = {isa = PBXFileReference; fileEncoding = 4; lastKnownFileType = sourcecode.c.h; path = async.h; sourceTree = "<group>"; };
		C465C5F7257F488B0076AD18 /* buffer.h */ = {isa = PBXFileReference; fileEncoding = 4; lastKnownFileType = sourcecode.c.h; path = buffer.h; sourceTree = "<group>"; };
		C465C5F8257F488B0076AD18 /* ssl.h */ = {isa = PBXFileReference; fileEncoding = 4; lastKnownFileType = sourcecode.c.h; path = ssl.h; sourceTree = "<group>"; };
		C465C5F9257F488B0076AD18 /* srp.h */ = {isa = PBXFileReference; fileEncoding = 4; lastKnownFileType = sourcecode.c.h; path = srp.h; sourceTree = "<group>"; };
		C465C5FA257F488B0076AD18 /* camellia.h */ = {isa = PBXFileReference; fileEncoding = 4; lastKnownFileType = sourcecode.c.h; path = camellia.h; sourceTree = "<group>"; };
		C465C5FB257F488B0076AD18 /* opensslconf_ios_arm64.h */ = {isa = PBXFileReference; fileEncoding = 4; lastKnownFileType = sourcecode.c.h; path = opensslconf_ios_arm64.h; sourceTree = "<group>"; };
		C465C5FC257F488B0076AD18 /* dherr.h */ = {isa = PBXFileReference; fileEncoding = 4; lastKnownFileType = sourcecode.c.h; path = dherr.h; sourceTree = "<group>"; };
		C465C5FD257F488B0076AD18 /* evp.h */ = {isa = PBXFileReference; fileEncoding = 4; lastKnownFileType = sourcecode.c.h; path = evp.h; sourceTree = "<group>"; };
		C465C5FE257F488B0076AD18 /* e_os2.h */ = {isa = PBXFileReference; fileEncoding = 4; lastKnownFileType = sourcecode.c.h; path = e_os2.h; sourceTree = "<group>"; };
		C465C5FF257F488B0076AD18 /* md4.h */ = {isa = PBXFileReference; fileEncoding = 4; lastKnownFileType = sourcecode.c.h; path = md4.h; sourceTree = "<group>"; };
		C465C600257F488B0076AD18 /* hmac.h */ = {isa = PBXFileReference; fileEncoding = 4; lastKnownFileType = sourcecode.c.h; path = hmac.h; sourceTree = "<group>"; };
		C465C601257F488B0076AD18 /* aes.h */ = {isa = PBXFileReference; fileEncoding = 4; lastKnownFileType = sourcecode.c.h; path = aes.h; sourceTree = "<group>"; };
		C465C602257F488B0076AD18 /* engineerr.h */ = {isa = PBXFileReference; fileEncoding = 4; lastKnownFileType = sourcecode.c.h; path = engineerr.h; sourceTree = "<group>"; };
		C465C603257F488B0076AD18 /* comp.h */ = {isa = PBXFileReference; fileEncoding = 4; lastKnownFileType = sourcecode.c.h; path = comp.h; sourceTree = "<group>"; };
		C465C604257F488B0076AD18 /* pkcs12err.h */ = {isa = PBXFileReference; fileEncoding = 4; lastKnownFileType = sourcecode.c.h; path = pkcs12err.h; sourceTree = "<group>"; };
		C465C605257F488B0076AD18 /* cast.h */ = {isa = PBXFileReference; fileEncoding = 4; lastKnownFileType = sourcecode.c.h; path = cast.h; sourceTree = "<group>"; };
		C465C606257F488B0076AD18 /* rc4.h */ = {isa = PBXFileReference; fileEncoding = 4; lastKnownFileType = sourcecode.c.h; path = rc4.h; sourceTree = "<group>"; };
		C465C607257F488B0076AD18 /* stack.h */ = {isa = PBXFileReference; fileEncoding = 4; lastKnownFileType = sourcecode.c.h; path = stack.h; sourceTree = "<group>"; };
		C465C608257F488B0076AD18 /* des.h */ = {isa = PBXFileReference; fileEncoding = 4; lastKnownFileType = sourcecode.c.h; path = des.h; sourceTree = "<group>"; };
		C465C609257F488B0076AD18 /* ocsp.h */ = {isa = PBXFileReference; fileEncoding = 4; lastKnownFileType = sourcecode.c.h; path = ocsp.h; sourceTree = "<group>"; };
		C465C60A257F488B0076AD18 /* ec.h */ = {isa = PBXFileReference; fileEncoding = 4; lastKnownFileType = sourcecode.c.h; path = ec.h; sourceTree = "<group>"; };
		C465C60B257F488B0076AD18 /* ecdh.h */ = {isa = PBXFileReference; fileEncoding = 4; lastKnownFileType = sourcecode.c.h; path = ecdh.h; sourceTree = "<group>"; };
		C465C60C257F488B0076AD18 /* rand.h */ = {isa = PBXFileReference; fileEncoding = 4; lastKnownFileType = sourcecode.c.h; path = rand.h; sourceTree = "<group>"; };
		C465C60D257F488B0076AD18 /* opensslconf_tvos_arm64.h */ = {isa = PBXFileReference; fileEncoding = 4; lastKnownFileType = sourcecode.c.h; path = opensslconf_tvos_arm64.h; sourceTree = "<group>"; };
		C465C60E257F488B0076AD18 /* ecerr.h */ = {isa = PBXFileReference; fileEncoding = 4; lastKnownFileType = sourcecode.c.h; path = ecerr.h; sourceTree = "<group>"; };
		C465C60F257F488B0076AD18 /* ts.h */ = {isa = PBXFileReference; fileEncoding = 4; lastKnownFileType = sourcecode.c.h; path = ts.h; sourceTree = "<group>"; };
		C465C610257F488B0076AD18 /* cryptoerr.h */ = {isa = PBXFileReference; fileEncoding = 4; lastKnownFileType = sourcecode.c.h; path = cryptoerr.h; sourceTree = "<group>"; };
		C465C611257F488B0076AD18 /* storeerr.h */ = {isa = PBXFileReference; fileEncoding = 4; lastKnownFileType = sourcecode.c.h; path = storeerr.h; sourceTree = "<group>"; };
		C465C612257F488B0076AD18 /* buffererr.h */ = {isa = PBXFileReference; fileEncoding = 4; lastKnownFileType = sourcecode.c.h; path = buffererr.h; sourceTree = "<group>"; };
		C465C613257F488B0076AD18 /* seed.h */ = {isa = PBXFileReference; fileEncoding = 4; lastKnownFileType = sourcecode.c.h; path = seed.h; sourceTree = "<group>"; };
		C465C614257F488B0076AD18 /* modes.h */ = {isa = PBXFileReference; fileEncoding = 4; lastKnownFileType = sourcecode.c.h; path = modes.h; sourceTree = "<group>"; };
		C465C615257F488B0076AD18 /* ssl2.h */ = {isa = PBXFileReference; fileEncoding = 4; lastKnownFileType = sourcecode.c.h; path = ssl2.h; sourceTree = "<group>"; };
		C465C616257F488B0076AD18 /* tserr.h */ = {isa = PBXFileReference; fileEncoding = 4; lastKnownFileType = sourcecode.c.h; path = tserr.h; sourceTree = "<group>"; };
		C465C617257F488B0076AD18 /* rsa.h */ = {isa = PBXFileReference; fileEncoding = 4; lastKnownFileType = sourcecode.c.h; path = rsa.h; sourceTree = "<group>"; };
		C465C618257F488B0076AD18 /* ripemd.h */ = {isa = PBXFileReference; fileEncoding = 4; lastKnownFileType = sourcecode.c.h; path = ripemd.h; sourceTree = "<group>"; };
		C465C619257F488B0076AD18 /* whrlpool.h */ = {isa = PBXFileReference; fileEncoding = 4; lastKnownFileType = sourcecode.c.h; path = whrlpool.h; sourceTree = "<group>"; };
		C465C61A257F488B0076AD18 /* tls1.h */ = {isa = PBXFileReference; fileEncoding = 4; lastKnownFileType = sourcecode.c.h; path = tls1.h; sourceTree = "<group>"; };
		C465C61B257F488B0076AD18 /* rsaerr.h */ = {isa = PBXFileReference; fileEncoding = 4; lastKnownFileType = sourcecode.c.h; path = rsaerr.h; sourceTree = "<group>"; };
		C465C61C257F488B0076AD18 /* randerr.h */ = {isa = PBXFileReference; fileEncoding = 4; lastKnownFileType = sourcecode.c.h; path = randerr.h; sourceTree = "<group>"; };
		C465C61D257F488B0076AD18 /* mdc2.h */ = {isa = PBXFileReference; fileEncoding = 4; lastKnownFileType = sourcecode.c.h; path = mdc2.h; sourceTree = "<group>"; };
		C465C61E257F488B0076AD18 /* ocsperr.h */ = {isa = PBXFileReference; fileEncoding = 4; lastKnownFileType = sourcecode.c.h; path = ocsperr.h; sourceTree = "<group>"; };
		C465C61F257F488B0076AD18 /* x509err.h */ = {isa = PBXFileReference; fileEncoding = 4; lastKnownFileType = sourcecode.c.h; path = x509err.h; sourceTree = "<group>"; };
		C465C620257F488B0076AD18 /* pkcs7err.h */ = {isa = PBXFileReference; fileEncoding = 4; lastKnownFileType = sourcecode.c.h; path = pkcs7err.h; sourceTree = "<group>"; };
		C465C621257F488B0076AD18 /* dsa.h */ = {isa = PBXFileReference; fileEncoding = 4; lastKnownFileType = sourcecode.c.h; path = dsa.h; sourceTree = "<group>"; };
		C465C622257F488B0076AD18 /* kdferr.h */ = {isa = PBXFileReference; fileEncoding = 4; lastKnownFileType = sourcecode.c.h; path = kdferr.h; sourceTree = "<group>"; };
		C465C623257F488B0076AD18 /* srtp.h */ = {isa = PBXFileReference; fileEncoding = 4; lastKnownFileType = sourcecode.c.h; path = srtp.h; sourceTree = "<group>"; };
		C465C624257F488B0076AD18 /* asn1t.h */ = {isa = PBXFileReference; fileEncoding = 4; lastKnownFileType = sourcecode.c.h; path = asn1t.h; sourceTree = "<group>"; };
		C465C625257F488B0076AD18 /* dsaerr.h */ = {isa = PBXFileReference; fileEncoding = 4; lastKnownFileType = sourcecode.c.h; path = dsaerr.h; sourceTree = "<group>"; };
		C465C626257F488B0076AD18 /* bnerr.h */ = {isa = PBXFileReference; fileEncoding = 4; lastKnownFileType = sourcecode.c.h; path = bnerr.h; sourceTree = "<group>"; };
		C465C627257F488B0076AD18 /* conferr.h */ = {isa = PBXFileReference; fileEncoding = 4; lastKnownFileType = sourcecode.c.h; path = conferr.h; sourceTree = "<group>"; };
		C465C628257F488B0076AD18 /* cmac.h */ = {isa = PBXFileReference; fileEncoding = 4; lastKnownFileType = sourcecode.c.h; path = cmac.h; sourceTree = "<group>"; };
		C465C629257F488B0076AD18 /* ebcdic.h */ = {isa = PBXFileReference; fileEncoding = 4; lastKnownFileType = sourcecode.c.h; path = ebcdic.h; sourceTree = "<group>"; };
		C465C62A257F488B0076AD18 /* opensslconf_ios_arm64e.h */ = {isa = PBXFileReference; fileEncoding = 4; lastKnownFileType = sourcecode.c.h; path = opensslconf_ios_arm64e.h; sourceTree = "<group>"; };
		C465C62B257F488B0076AD18 /* store.h */ = {isa = PBXFileReference; fileEncoding = 4; lastKnownFileType = sourcecode.c.h; path = store.h; sourceTree = "<group>"; };
		C465C62C257F488B0076AD18 /* idea.h */ = {isa = PBXFileReference; fileEncoding = 4; lastKnownFileType = sourcecode.c.h; path = idea.h; sourceTree = "<group>"; };
		C465C62D257F488B0076AD18 /* lhash.h */ = {isa = PBXFileReference; fileEncoding = 4; lastKnownFileType = sourcecode.c.h; path = lhash.h; sourceTree = "<group>"; };
		C465C62E257F488B0076AD18 /* asn1err.h */ = {isa = PBXFileReference; fileEncoding = 4; lastKnownFileType = sourcecode.c.h; path = asn1err.h; sourceTree = "<group>"; };
		C4971ADD257C98C800F5066D /* pomelo2.app */ = {isa = PBXFileReference; explicitFileType = wrapper.application; includeInIndex = 0; path = pomelo2.app; sourceTree = BUILT_PRODUCTS_DIR; };
		C4971AE0257C98C800F5066D /* AppDelegate.h */ = {isa = PBXFileReference; lastKnownFileType = sourcecode.c.h; path = AppDelegate.h; sourceTree = "<group>"; };
		C4971AE1257C98C800F5066D /* AppDelegate.m */ = {isa = PBXFileReference; lastKnownFileType = sourcecode.c.objc; path = AppDelegate.m; sourceTree = "<group>"; };
		C4971AE3257C98C800F5066D /* SceneDelegate.h */ = {isa = PBXFileReference; lastKnownFileType = sourcecode.c.h; path = SceneDelegate.h; sourceTree = "<group>"; };
		C4971AE4257C98C800F5066D /* SceneDelegate.m */ = {isa = PBXFileReference; lastKnownFileType = sourcecode.c.objc; path = SceneDelegate.m; sourceTree = "<group>"; };
		C4971AE6257C98C800F5066D /* ViewController.h */ = {isa = PBXFileReference; lastKnownFileType = sourcecode.c.h; path = ViewController.h; sourceTree = "<group>"; };
		C4971AE7257C98C800F5066D /* ViewController.m */ = {isa = PBXFileReference; lastKnownFileType = sourcecode.c.objc; path = ViewController.m; sourceTree = "<group>"; };
		C4971AEA257C98C800F5066D /* Base */ = {isa = PBXFileReference; lastKnownFileType = file.storyboard; name = Base; path = Base.lproj/Main.storyboard; sourceTree = "<group>"; };
		C4971AEC257C98CC00F5066D /* Assets.xcassets */ = {isa = PBXFileReference; lastKnownFileType = folder.assetcatalog; path = Assets.xcassets; sourceTree = "<group>"; };
		C4971AEF257C98CC00F5066D /* Base */ = {isa = PBXFileReference; lastKnownFileType = file.storyboard; name = Base; path = Base.lproj/LaunchScreen.storyboard; sourceTree = "<group>"; };
		C4971AF1257C98CC00F5066D /* Info.plist */ = {isa = PBXFileReference; lastKnownFileType = text.plist.xml; path = Info.plist; sourceTree = "<group>"; };
		C4971AF2257C98CC00F5066D /* main.m */ = {isa = PBXFileReference; lastKnownFileType = sourcecode.c.objc; path = main.m; sourceTree = "<group>"; };
		C4971B5C257C9C1300F5066D /* test.h */ = {isa = PBXFileReference; fileEncoding = 4; lastKnownFileType = sourcecode.c.h; path = test.h; sourceTree = "<group>"; };
/* End PBXFileReference section */

/* Begin PBXFrameworksBuildPhase section */
		C4971ADA257C98C800F5066D /* Frameworks */ = {
			isa = PBXFrameworksBuildPhase;
			buildActionMask = 2147483647;
			files = (
				C45A155625946AB60047C7E0 /* libopenssl.a in Frameworks */,
				C45A155525946AB60047C7E0 /* libuv.a in Frameworks */,
				C45A155425946AB60047C7E0 /* libpomelo2.a in Frameworks */,
			);
			runOnlyForDeploymentPostprocessing = 0;
		};
/* End PBXFrameworksBuildPhase section */

/* Begin PBXGroup section */
		C465BC80257F10AB0076AD18 /* include */ = {
			isa = PBXGroup;
			children = (
				C4971B5C257C9C1300F5066D /* test.h */,
				C465C5C1257F488B0076AD18 /* openssl */,
				C465BC81257F10AB0076AD18 /* pomelo_trans.h */,
				C465BC82257F10AB0076AD18 /* uv-unix.h */,
				C465BC83257F10AB0076AD18 /* uv-threadpool.h */,
				C465BC84257F10AB0076AD18 /* pthread-fixes.h */,
				C465BC85257F10AB0076AD18 /* uv.h */,
				C465BC86257F10AB0076AD18 /* uv-win.h */,
				C465BC87257F10AB0076AD18 /* uv-aix.h */,
				C465BC88257F10AB0076AD18 /* uv-errno.h */,
				C465BC89257F10AB0076AD18 /* tree.h */,
				C465BC8A257F10AB0076AD18 /* uv-sunos.h */,
				C465BC8B257F10AB0076AD18 /* android-ifaddrs.h */,
				C465BC8C257F10AB0076AD18 /* uv-version.h */,
				C465BC8D257F10AB0076AD18 /* uv-darwin.h */,
				C465BC8E257F10AB0076AD18 /* uv-bsd.h */,
				C465BC8F257F10AB0076AD18 /* pomelo.h */,
				C465BC90257F10AB0076AD18 /* stdint-msvc2008.h */,
				C465BC91257F10AB0076AD18 /* uv-linux.h */,
			);
			path = include;
			sourceTree = "<group>";
		};
		C465C5C1257F488B0076AD18 /* openssl */ = {
			isa = PBXGroup;
			children = (
				C465C5C2257F488B0076AD18 /* pem2.h */,
				C465C5C3257F488B0076AD18 /* kdf.h */,
				C465C5C4257F488B0076AD18 /* pem.h */,
				C465C5C5257F488B0076AD18 /* asyncerr.h */,
				C465C5C6257F488B0076AD18 /* md2.h */,
				C465C5C7257F488B0076AD18 /* ssl3.h */,
				C465C5C8257F488B0076AD18 /* ossl_typ.h */,
				C465C5C9257F488B0076AD18 /* dtls1.h */,
				C465C5CA257F488B0076AD18 /* err.h */,
				C465C5CB257F488B0076AD18 /* bn.h */,
				C465C5CC257F488B0076AD18 /* blowfish.h */,
				C465C5CD257F488B0076AD18 /* cms.h */,
				C465C5CE257F488B0076AD18 /* engine.h */,
				C465C5CF257F488B0076AD18 /* conf_api.h */,
				C465C5D0257F488B0076AD18 /* x509.h */,
				C465C5D1257F488B0076AD18 /* asn1_mac.h */,
				C465C5D2257F488B0076AD18 /* objectserr.h */,
				C465C5D3257F488B0076AD18 /* opensslconf_ios_x86_64.h */,
				C465C5D4257F488B0076AD18 /* cmserr.h */,
				C465C5D5257F488B0076AD18 /* ui.h */,
				C465C5D6257F488B0076AD18 /* opensslconf_tvos_x86_64.h */,
				C465C5D7257F488B0076AD18 /* sha.h */,
				C465C5D8257F488B0076AD18 /* symhacks.h */,
				C465C5D9257F488B0076AD18 /* asn1.h */,
				C465C5DA257F488B0076AD18 /* bioerr.h */,
				C465C5DB257F488B0076AD18 /* opensslconf.h */,
				C465C5DC257F488B0076AD18 /* bio.h */,
				C465C5DD257F488B0076AD18 /* rc2.h */,
				C465C5DE257F488B0076AD18 /* dh.h */,
				C465C5DF257F488B0076AD18 /* x509v3.h */,
				C465C5E0257F488B0076AD18 /* conf.h */,
				C465C5E1257F488B0076AD18 /* rand_drbg.h */,
				C465C5E2257F488B0076AD18 /* md5.h */,
				C465C5E3257F488B0076AD18 /* pemerr.h */,
				C465C5E4257F488B0076AD18 /* x509_vfy.h */,
				C465C5E5257F488B0076AD18 /* txt_db.h */,
				C465C5E6257F488B0076AD18 /* comperr.h */,
				C465C5E7257F488B0076AD18 /* cterr.h */,
				C465C5E8257F488B0076AD18 /* safestack.h */,
				C465C5E9257F488B0076AD18 /* ecdsa.h */,
				C465C5EA257F488B0076AD18 /* sslerr.h */,
				C465C5EB257F488B0076AD18 /* rc5.h */,
				C465C5EC257F488B0076AD18 /* uierr.h */,
				C465C5ED257F488B0076AD18 /* x509v3err.h */,
				C465C5EE257F488B0076AD18 /* objects.h */,
				C465C5EF257F488B0076AD18 /* pkcs12.h */,
				C465C5F0257F488B0076AD18 /* crypto.h */,
				C465C5F1257F488B0076AD18 /* opensslv.h */,
				C465C5F2257F488B0076AD18 /* evperr.h */,
				C465C5F3257F488B0076AD18 /* pkcs7.h */,
				C465C5F4257F488B0076AD18 /* obj_mac.h */,
				C465C5F5257F488B0076AD18 /* ct.h */,
				C465C5F6257F488B0076AD18 /* async.h */,
				C465C5F7257F488B0076AD18 /* buffer.h */,
				C465C5F8257F488B0076AD18 /* ssl.h */,
				C465C5F9257F488B0076AD18 /* srp.h */,
				C465C5FA257F488B0076AD18 /* camellia.h */,
				C465C5FB257F488B0076AD18 /* opensslconf_ios_arm64.h */,
				C465C5FC257F488B0076AD18 /* dherr.h */,
				C465C5FD257F488B0076AD18 /* evp.h */,
				C465C5FE257F488B0076AD18 /* e_os2.h */,
				C465C5FF257F488B0076AD18 /* md4.h */,
				C465C600257F488B0076AD18 /* hmac.h */,
				C465C601257F488B0076AD18 /* aes.h */,
				C465C602257F488B0076AD18 /* engineerr.h */,
				C465C603257F488B0076AD18 /* comp.h */,
				C465C604257F488B0076AD18 /* pkcs12err.h */,
				C465C605257F488B0076AD18 /* cast.h */,
				C465C606257F488B0076AD18 /* rc4.h */,
				C465C607257F488B0076AD18 /* stack.h */,
				C465C608257F488B0076AD18 /* des.h */,
				C465C609257F488B0076AD18 /* ocsp.h */,
				C465C60A257F488B0076AD18 /* ec.h */,
				C465C60B257F488B0076AD18 /* ecdh.h */,
				C465C60C257F488B0076AD18 /* rand.h */,
				C465C60D257F488B0076AD18 /* opensslconf_tvos_arm64.h */,
				C465C60E257F488B0076AD18 /* ecerr.h */,
				C465C60F257F488B0076AD18 /* ts.h */,
				C465C610257F488B0076AD18 /* cryptoerr.h */,
				C465C611257F488B0076AD18 /* storeerr.h */,
				C465C612257F488B0076AD18 /* buffererr.h */,
				C465C613257F488B0076AD18 /* seed.h */,
				C465C614257F488B0076AD18 /* modes.h */,
				C465C615257F488B0076AD18 /* ssl2.h */,
				C465C616257F488B0076AD18 /* tserr.h */,
				C465C617257F488B0076AD18 /* rsa.h */,
				C465C618257F488B0076AD18 /* ripemd.h */,
				C465C619257F488B0076AD18 /* whrlpool.h */,
				C465C61A257F488B0076AD18 /* tls1.h */,
				C465C61B257F488B0076AD18 /* rsaerr.h */,
				C465C61C257F488B0076AD18 /* randerr.h */,
				C465C61D257F488B0076AD18 /* mdc2.h */,
				C465C61E257F488B0076AD18 /* ocsperr.h */,
				C465C61F257F488B0076AD18 /* x509err.h */,
				C465C620257F488B0076AD18 /* pkcs7err.h */,
				C465C621257F488B0076AD18 /* dsa.h */,
				C465C622257F488B0076AD18 /* kdferr.h */,
				C465C623257F488B0076AD18 /* srtp.h */,
				C465C624257F488B0076AD18 /* asn1t.h */,
				C465C625257F488B0076AD18 /* dsaerr.h */,
				C465C626257F488B0076AD18 /* bnerr.h */,
				C465C627257F488B0076AD18 /* conferr.h */,
				C465C628257F488B0076AD18 /* cmac.h */,
				C465C629257F488B0076AD18 /* ebcdic.h */,
				C465C62A257F488B0076AD18 /* opensslconf_ios_arm64e.h */,
				C465C62B257F488B0076AD18 /* store.h */,
				C465C62C257F488B0076AD18 /* idea.h */,
				C465C62D257F488B0076AD18 /* lhash.h */,
				C465C62E257F488B0076AD18 /* asn1err.h */,
			);
			path = openssl;
			sourceTree = "<group>";
		};
		C4971AD4257C98C800F5066D = {
			isa = PBXGroup;
			children = (
				C4971ADF257C98C800F5066D /* pomelo2 */,
				C4971ADE257C98C800F5066D /* Products */,
				C4971BF0257CB77200F5066D /* Frameworks */,
			);
			sourceTree = "<group>";
		};
		C4971ADE257C98C800F5066D /* Products */ = {
			isa = PBXGroup;
			children = (
				C4971ADD257C98C800F5066D /* pomelo2.app */,
			);
			name = Products;
			sourceTree = "<group>";
		};
		C4971ADF257C98C800F5066D /* pomelo2 */ = {
			isa = PBXGroup;
			children = (
				C4971B6F257CA77100F5066D /* libpomelo2 */,
				C4971AE0257C98C800F5066D /* AppDelegate.h */,
				C4971AE1257C98C800F5066D /* AppDelegate.m */,
				C4971AE3257C98C800F5066D /* SceneDelegate.h */,
				C4971AE4257C98C800F5066D /* SceneDelegate.m */,
				C4971AE6257C98C800F5066D /* ViewController.h */,
				C4971AE7257C98C800F5066D /* ViewController.m */,
				C45C64662580695000ECFF50 /* PomeloHelper.h */,
				C45C64672580695000ECFF50 /* PomeloHelper.m */,
				C4971AE9257C98C800F5066D /* Main.storyboard */,
				C4971AEC257C98CC00F5066D /* Assets.xcassets */,
				C4971AEE257C98CC00F5066D /* LaunchScreen.storyboard */,
				C4971AF1257C98CC00F5066D /* Info.plist */,
				C4971AF2257C98CC00F5066D /* main.m */,
			);
			path = pomelo2;
			sourceTree = "<group>";
		};
		C4971B6F257CA77100F5066D /* libpomelo2 */ = {
			isa = PBXGroup;
			children = (
				C465BC80257F10AB0076AD18 /* include */,
				C4971BCD257CA77100F5066D /* prebuild */,
			);
			path = libpomelo2;
			sourceTree = "<group>";
		};
		C4971BCD257CA77100F5066D /* prebuild */ = {
			isa = PBXGroup;
			children = (
				C45A155325946AB60047C7E0 /* libopenssl.a */,
				C45A155125946AB50047C7E0 /* libpomelo2.a */,
				C45A155225946AB50047C7E0 /* libuv.a */,
			);
			path = prebuild;
			sourceTree = "<group>";
		};
		C4971BF0257CB77200F5066D /* Frameworks */ = {
			isa = PBXGroup;
			children = (
			);
			name = Frameworks;
			sourceTree = "<group>";
		};
/* End PBXGroup section */

/* Begin PBXNativeTarget section */
		C4971ADC257C98C800F5066D /* pomelo2 */ = {
			isa = PBXNativeTarget;
			buildConfigurationList = C4971AF6257C98CC00F5066D /* Build configuration list for PBXNativeTarget "pomelo2" */;
			buildPhases = (
				C4971AD9257C98C800F5066D /* Sources */,
				C4971ADA257C98C800F5066D /* Frameworks */,
				C4971ADB257C98C800F5066D /* Resources */,
			);
			buildRules = (
			);
			dependencies = (
			);
			name = pomelo2;
			productName = pomelo2;
			productReference = C4971ADD257C98C800F5066D /* pomelo2.app */;
			productType = "com.apple.product-type.application";
		};
/* End PBXNativeTarget section */

/* Begin PBXProject section */
		C4971AD5257C98C800F5066D /* Project object */ = {
			isa = PBXProject;
			attributes = {
				LastUpgradeCheck = 1150;
				ORGANIZATIONNAME = "谢华";
				TargetAttributes = {
					C4971ADC257C98C800F5066D = {
						CreatedOnToolsVersion = 11.5;
					};
				};
			};
			buildConfigurationList = C4971AD8257C98C800F5066D /* Build configuration list for PBXProject "pomelo2" */;
			compatibilityVersion = "Xcode 9.3";
			developmentRegion = en;
			hasScannedForEncodings = 0;
			knownRegions = (
				en,
				Base,
			);
			mainGroup = C4971AD4257C98C800F5066D;
			productRefGroup = C4971ADE257C98C800F5066D /* Products */;
			projectDirPath = "";
			projectRoot = "";
			targets = (
				C4971ADC257C98C800F5066D /* pomelo2 */,
			);
		};
/* End PBXProject section */

/* Begin PBXResourcesBuildPhase section */
		C4971ADB257C98C800F5066D /* Resources */ = {
			isa = PBXResourcesBuildPhase;
			buildActionMask = 2147483647;
			files = (
				C4971AF0257C98CC00F5066D /* LaunchScreen.storyboard in Resources */,
				C4971AED257C98CC00F5066D /* Assets.xcassets in Resources */,
				C4971AEB257C98C800F5066D /* Main.storyboard in Resources */,
			);
			runOnlyForDeploymentPostprocessing = 0;
		};
/* End PBXResourcesBuildPhase section */

/* Begin PBXSourcesBuildPhase section */
		C4971AD9257C98C800F5066D /* Sources */ = {
			isa = PBXSourcesBuildPhase;
			buildActionMask = 2147483647;
			files = (
				C4971AE8257C98C800F5066D /* ViewController.m in Sources */,
				C45C64682580695000ECFF50 /* PomeloHelper.m in Sources */,
				C4971AE2257C98C800F5066D /* AppDelegate.m in Sources */,
				C4971AF3257C98CC00F5066D /* main.m in Sources */,
				C4971AE5257C98C800F5066D /* SceneDelegate.m in Sources */,
			);
			runOnlyForDeploymentPostprocessing = 0;
		};
/* End PBXSourcesBuildPhase section */

/* Begin PBXVariantGroup section */
		C4971AE9257C98C800F5066D /* Main.storyboard */ = {
			isa = PBXVariantGroup;
			children = (
				C4971AEA257C98C800F5066D /* Base */,
			);
			name = Main.storyboard;
			sourceTree = "<group>";
		};
		C4971AEE257C98CC00F5066D /* LaunchScreen.storyboard */ = {
			isa = PBXVariantGroup;
			children = (
				C4971AEF257C98CC00F5066D /* Base */,
			);
			name = LaunchScreen.storyboard;
			sourceTree = "<group>";
		};
/* End PBXVariantGroup section */

/* Begin XCBuildConfiguration section */
		C4971AF4257C98CC00F5066D /* Debug */ = {
			isa = XCBuildConfiguration;
			buildSettings = {
				ALWAYS_SEARCH_USER_PATHS = NO;
				CLANG_ANALYZER_NONNULL = YES;
				CLANG_ANALYZER_NUMBER_OBJECT_CONVERSION = YES_AGGRESSIVE;
				CLANG_CXX_LANGUAGE_STANDARD = "gnu++14";
				CLANG_CXX_LIBRARY = "libc++";
				CLANG_ENABLE_MODULES = YES;
				CLANG_ENABLE_OBJC_ARC = YES;
				CLANG_ENABLE_OBJC_WEAK = YES;
				CLANG_WARN_BLOCK_CAPTURE_AUTORELEASING = YES;
				CLANG_WARN_BOOL_CONVERSION = YES;
				CLANG_WARN_COMMA = YES;
				CLANG_WARN_CONSTANT_CONVERSION = YES;
				CLANG_WARN_DEPRECATED_OBJC_IMPLEMENTATIONS = YES;
				CLANG_WARN_DIRECT_OBJC_ISA_USAGE = YES_ERROR;
				CLANG_WARN_DOCUMENTATION_COMMENTS = YES;
				CLANG_WARN_EMPTY_BODY = YES;
				CLANG_WARN_ENUM_CONVERSION = YES;
				CLANG_WARN_INFINITE_RECURSION = YES;
				CLANG_WARN_INT_CONVERSION = YES;
				CLANG_WARN_NON_LITERAL_NULL_CONVERSION = YES;
				CLANG_WARN_OBJC_IMPLICIT_RETAIN_SELF = YES;
				CLANG_WARN_OBJC_LITERAL_CONVERSION = YES;
				CLANG_WARN_OBJC_ROOT_CLASS = YES_ERROR;
				CLANG_WARN_RANGE_LOOP_ANALYSIS = YES;
				CLANG_WARN_STRICT_PROTOTYPES = YES;
				CLANG_WARN_SUSPICIOUS_MOVE = YES;
				CLANG_WARN_UNGUARDED_AVAILABILITY = YES_AGGRESSIVE;
				CLANG_WARN_UNREACHABLE_CODE = YES;
				CLANG_WARN__DUPLICATE_METHOD_MATCH = YES;
				COPY_PHASE_STRIP = NO;
				DEBUG_INFORMATION_FORMAT = dwarf;
				ENABLE_STRICT_OBJC_MSGSEND = YES;
				ENABLE_TESTABILITY = YES;
				GCC_C_LANGUAGE_STANDARD = gnu11;
				GCC_DYNAMIC_NO_PIC = NO;
				GCC_NO_COMMON_BLOCKS = YES;
				GCC_OPTIMIZATION_LEVEL = 0;
				GCC_PREPROCESSOR_DEFINITIONS = (
					"DEBUG=1",
					"$(inherited)",
				);
				GCC_WARN_64_TO_32_BIT_CONVERSION = YES;
				GCC_WARN_ABOUT_RETURN_TYPE = YES_ERROR;
				GCC_WARN_UNDECLARED_SELECTOR = YES;
				GCC_WARN_UNINITIALIZED_AUTOS = YES_AGGRESSIVE;
				GCC_WARN_UNUSED_FUNCTION = YES;
				GCC_WARN_UNUSED_VARIABLE = YES;
				IPHONEOS_DEPLOYMENT_TARGET = 13.3;
				MTL_ENABLE_DEBUG_INFO = INCLUDE_SOURCE;
				MTL_FAST_MATH = YES;
				ONLY_ACTIVE_ARCH = YES;
				SDKROOT = iphoneos;
			};
			name = Debug;
		};
		C4971AF5257C98CC00F5066D /* Release */ = {
			isa = XCBuildConfiguration;
			buildSettings = {
				ALWAYS_SEARCH_USER_PATHS = NO;
				CLANG_ANALYZER_NONNULL = YES;
				CLANG_ANALYZER_NUMBER_OBJECT_CONVERSION = YES_AGGRESSIVE;
				CLANG_CXX_LANGUAGE_STANDARD = "gnu++14";
				CLANG_CXX_LIBRARY = "libc++";
				CLANG_ENABLE_MODULES = YES;
				CLANG_ENABLE_OBJC_ARC = YES;
				CLANG_ENABLE_OBJC_WEAK = YES;
				CLANG_WARN_BLOCK_CAPTURE_AUTORELEASING = YES;
				CLANG_WARN_BOOL_CONVERSION = YES;
				CLANG_WARN_COMMA = YES;
				CLANG_WARN_CONSTANT_CONVERSION = YES;
				CLANG_WARN_DEPRECATED_OBJC_IMPLEMENTATIONS = YES;
				CLANG_WARN_DIRECT_OBJC_ISA_USAGE = YES_ERROR;
				CLANG_WARN_DOCUMENTATION_COMMENTS = YES;
				CLANG_WARN_EMPTY_BODY = YES;
				CLANG_WARN_ENUM_CONVERSION = YES;
				CLANG_WARN_INFINITE_RECURSION = YES;
				CLANG_WARN_INT_CONVERSION = YES;
				CLANG_WARN_NON_LITERAL_NULL_CONVERSION = YES;
				CLANG_WARN_OBJC_IMPLICIT_RETAIN_SELF = YES;
				CLANG_WARN_OBJC_LITERAL_CONVERSION = YES;
				CLANG_WARN_OBJC_ROOT_CLASS = YES_ERROR;
				CLANG_WARN_RANGE_LOOP_ANALYSIS = YES;
				CLANG_WARN_STRICT_PROTOTYPES = YES;
				CLANG_WARN_SUSPICIOUS_MOVE = YES;
				CLANG_WARN_UNGUARDED_AVAILABILITY = YES_AGGRESSIVE;
				CLANG_WARN_UNREACHABLE_CODE = YES;
				CLANG_WARN__DUPLICATE_METHOD_MATCH = YES;
				COPY_PHASE_STRIP = NO;
				DEBUG_INFORMATION_FORMAT = "dwarf-with-dsym";
				ENABLE_NS_ASSERTIONS = NO;
				ENABLE_STRICT_OBJC_MSGSEND = YES;
				GCC_C_LANGUAGE_STANDARD = gnu11;
				GCC_NO_COMMON_BLOCKS = YES;
				GCC_WARN_64_TO_32_BIT_CONVERSION = YES;
				GCC_WARN_ABOUT_RETURN_TYPE = YES_ERROR;
				GCC_WARN_UNDECLARED_SELECTOR = YES;
				GCC_WARN_UNINITIALIZED_AUTOS = YES_AGGRESSIVE;
				GCC_WARN_UNUSED_FUNCTION = YES;
				GCC_WARN_UNUSED_VARIABLE = YES;
				IPHONEOS_DEPLOYMENT_TARGET = 13.3;
				MTL_ENABLE_DEBUG_INFO = NO;
				MTL_FAST_MATH = YES;
				SDKROOT = iphoneos;
				VALIDATE_PRODUCT = YES;
			};
			name = Release;
		};
		C4971AF7257C98CC00F5066D /* Debug */ = {
			isa = XCBuildConfiguration;
			buildSettings = {
				ASSETCATALOG_COMPILER_APPICON_NAME = AppIcon;
				CODE_SIGN_STYLE = Automatic;
				DEVELOPMENT_TEAM = 8U3TBN556H;
				ENABLE_BITCODE = NO;
				HEADER_SEARCH_PATHS = (
					"\"$(SRCROOT)/pomelo2/libpomelo2/include\"",
					"\"$(SRCROOT)/pomelo2/libpomelo2/include/openssl\"",
				);
				INFOPLIST_FILE = pomelo2/Info.plist;
				LD_RUNPATH_SEARCH_PATHS = (
					"$(inherited)",
					"@executable_path/Frameworks",
				);
				LIBRARY_SEARCH_PATHS = (
					"$(inherited)",
					"$(PROJECT_DIR)/pomelo2/libpomelo2/prebuild",
				);
				PRODUCT_BUNDLE_IDENTIFIER = com.littlebear.pomelo2;
				PRODUCT_NAME = "$(TARGET_NAME)";
				TARGETED_DEVICE_FAMILY = "1,2";
			};
			name = Debug;
		};
		C4971AF8257C98CC00F5066D /* Release */ = {
			isa = XCBuildConfiguration;
			buildSettings = {
				ASSETCATALOG_COMPILER_APPICON_NAME = AppIcon;
				CODE_SIGN_STYLE = Automatic;
				DEVELOPMENT_TEAM = 8U3TBN556H;
				ENABLE_BITCODE = NO;
				HEADER_SEARCH_PATHS = (
					"\"$(SRCROOT)/pomelo2/libpomelo2/include\"",
					"\"$(SRCROOT)/pomelo2/libpomelo2/include/openssl\"",
				);
				INFOPLIST_FILE = pomelo2/Info.plist;
				LD_RUNPATH_SEARCH_PATHS = (
					"$(inherited)",
					"@executable_path/Frameworks",
				);
				LIBRARY_SEARCH_PATHS = (
					"$(inherited)",
					"$(PROJECT_DIR)/pomelo2/libpomelo2/prebuild",
				);
				PRODUCT_BUNDLE_IDENTIFIER = com.littlebear.pomelo2;
				PRODUCT_NAME = "$(TARGET_NAME)";
				TARGETED_DEVICE_FAMILY = "1,2";
			};
			name = Release;
		};
/* End XCBuildConfiguration section */

/* Begin XCConfigurationList section */
		C4971AD8257C98C800F5066D /* Build configuration list for PBXProject "pomelo2" */ = {
			isa = XCConfigurationList;
			buildConfigurations = (
				C4971AF4257C98CC00F5066D /* Debug */,
				C4971AF5257C98CC00F5066D /* Release */,
			);
			defaultConfigurationIsVisible = 0;
			defaultConfigurationName = Release;
		};
		C4971AF6257C98CC00F5066D /* Build configuration list for PBXNativeTarget "pomelo2" */ = {
			isa = XCConfigurationList;
			buildConfigurations = (
				C4971AF7257C98CC00F5066D /* Debug */,
				C4971AF8257C98CC00F5066D /* Release */,
			);
			defaultConfigurationIsVisible = 0;
			defaultConfigurationName = Release;
		};
/* End XCConfigurationList section */
	};
	rootObject = C4971AD5257C98C800F5066D /* Project object */;
}
